
Microsoft Visual Studio Solution File, Format Version 12.00
# Visual Studio 15
VisualStudioVersion = 15.0.28307.572
MinimumVisualStudioVersion = 10.0.40219.1
Project("{FAE04EC0-301F-11D3-BF4B-00C04F79EFBC}") = "Calculatro", "Calculatro\Calculatro.csproj", "{D22A72A1-CB37-4252-80FC-16C1309BBE96}"
EndProject
Project("{FAE04EC0-301F-11D3-BF4B-00C04F79EFBC}") = "Observer", "Observer\Observer.csproj", "{404016BC-9376-451C-8DD5-33804C75AF79}"
EndProject
Project("{FAE04EC0-301F-11D3-BF4B-00C04F79EFBC}") = "Decorator", "Decorator\Decorator.csproj", "{16907CC8-F10D-4D1F-8DBE-49E84478A392}"
EndProject
Project("{FAE04EC0-301F-11D3-BF4B-00C04F79EFBC}") = "Factory", "Factory\Factory.csproj", "{EFAA2F83-5029-4A88-996B-402B55BFC994}"
EndProject
Project("{FAE04EC0-301F-11D3-BF4B-00C04F79EFBC}") = "Doing", "Doing\Doing.csproj", "{ABEBCA2B-E414-48AC-BC0E-E1B5B5A6251D}"
EndProject
Project("{FAE04EC0-301F-11D3-BF4B-00C04F79EFBC}") = "XUnitTest", "XUnitTest\XUnitTest.csproj", "{546B7F5D-3F9A-4655-8CA9-4F2E0848F6EA}"
EndProject
Project("{FAE04EC0-301F-11D3-BF4B-00C04F79EFBC}") = "NunitUdemy", "NunitUdemy\NunitUdemy.csproj", "{16F9DC32-37E1-4944-8955-4607EE8A8FDD}"
EndProject
Global
	GlobalSection(SolutionConfigurationPlatforms) = preSolution
		Debug|Any CPU = Debug|Any CPU
		Debug|ARM = Debug|ARM
		Debug|ARM64 = Debug|ARM64
		Debug|x64 = Debug|x64
		Debug|x86 = Debug|x86
		Release|Any CPU = Release|Any CPU
		Release|ARM = Release|ARM
		Release|ARM64 = Release|ARM64
		Release|x64 = Release|x64
		Release|x86 = Release|x86
	EndGlobalSection
	GlobalSection(ProjectConfigurationPlatforms) = postSolution
		{D22A72A1-CB37-4252-80FC-16C1309BBE96}.Debug|Any CPU.ActiveCfg = Debug|Any CPU
		{D22A72A1-CB37-4252-80FC-16C1309BBE96}.Debug|Any CPU.Build.0 = Debug|Any CPU
		{D22A72A1-CB37-4252-80FC-16C1309BBE96}.Debug|ARM.ActiveCfg = Debug|Any CPU
		{D22A72A1-CB37-4252-80FC-16C1309BBE96}.Debug|ARM.Build.0 = Debug|Any CPU
		{D22A72A1-CB37-4252-80FC-16C1309BBE96}.Debug|ARM64.ActiveCfg = Debug|Any CPU
		{D22A72A1-CB37-4252-80FC-16C1309BBE96}.Debug|ARM64.Build.0 = Debug|Any CPU
		{D22A72A1-CB37-4252-80FC-16C1309BBE96}.Debug|x64.ActiveCfg = Debug|Any CPU
		{D22A72A1-CB37-4252-80FC-16C1309BBE96}.Debug|x64.Build.0 = Debug|Any CPU
		{D22A72A1-CB37-4252-80FC-16C1309BBE96}.Debug|x86.ActiveCfg = Debug|Any CPU
		{D22A72A1-CB37-4252-80FC-16C1309BBE96}.Debug|x86.Build.0 = Debug|Any CPU
		{D22A72A1-CB37-4252-80FC-16C1309BBE96}.Release|Any CPU.ActiveCfg = Release|Any CPU
		{D22A72A1-CB37-4252-80FC-16C1309BBE96}.Release|Any CPU.Build.0 = Release|Any CPU
		{D22A72A1-CB37-4252-80FC-16C1309BBE96}.Release|ARM.ActiveCfg = Release|Any CPU
		{D22A72A1-CB37-4252-80FC-16C1309BBE96}.Release|ARM.Build.0 = Release|Any CPU
		{D22A72A1-CB37-4252-80FC-16C1309BBE96}.Release|ARM64.ActiveCfg = Release|Any CPU
		{D22A72A1-CB37-4252-80FC-16C1309BBE96}.Release|ARM64.Build.0 = Release|Any CPU
		{D22A72A1-CB37-4252-80FC-16C1309BBE96}.Release|x64.ActiveCfg = Release|Any CPU
		{D22A72A1-CB37-4252-80FC-16C1309BBE96}.Release|x64.Build.0 = Release|Any CPU
		{D22A72A1-CB37-4252-80FC-16C1309BBE96}.Release|x86.ActiveCfg = Release|Any CPU
		{D22A72A1-CB37-4252-80FC-16C1309BBE96}.Release|x86.Build.0 = Release|Any CPU
		{404016BC-9376-451C-8DD5-33804C75AF79}.Debug|Any CPU.ActiveCfg = Debug|Any CPU
		{404016BC-9376-451C-8DD5-33804C75AF79}.Debug|Any CPU.Build.0 = Debug|Any CPU
		{404016BC-9376-451C-8DD5-33804C75AF79}.Debug|ARM.ActiveCfg = Debug|Any CPU
		{404016BC-9376-451C-8DD5-33804C75AF79}.Debug|ARM.Build.0 = Debug|Any CPU
		{404016BC-9376-451C-8DD5-33804C75AF79}.Debug|ARM64.ActiveCfg = Debug|Any CPU
		{404016BC-9376-451C-8DD5-33804C75AF79}.Debug|ARM64.Build.0 = Debug|Any CPU
		{404016BC-9376-451C-8DD5-33804C75AF79}.Debug|x64.ActiveCfg = Debug|Any CPU
		{404016BC-9376-451C-8DD5-33804C75AF79}.Debug|x64.Build.0 = Debug|Any CPU
		{404016BC-9376-451C-8DD5-33804C75AF79}.Debug|x86.ActiveCfg = Debug|Any CPU
		{404016BC-9376-451C-8DD5-33804C75AF79}.Debug|x86.Build.0 = Debug|Any CPU
		{404016BC-9376-451C-8DD5-33804C75AF79}.Release|Any CPU.ActiveCfg = Release|Any CPU
		{404016BC-9376-451C-8DD5-33804C75AF79}.Release|Any CPU.Build.0 = Release|Any CPU
		{404016BC-9376-451C-8DD5-33804C75AF79}.Release|ARM.ActiveCfg = Release|Any CPU
		{404016BC-9376-451C-8DD5-33804C75AF79}.Release|ARM.Build.0 = Release|Any CPU
		{404016BC-9376-451C-8DD5-33804C75AF79}.Release|ARM64.ActiveCfg = Release|Any CPU
		{404016BC-9376-451C-8DD5-33804C75AF79}.Release|ARM64.Build.0 = Release|Any CPU
		{404016BC-9376-451C-8DD5-33804C75AF79}.Release|x64.ActiveCfg = Release|Any CPU
		{404016BC-9376-451C-8DD5-33804C75AF79}.Release|x64.Build.0 = Release|Any CPU
		{404016BC-9376-451C-8DD5-33804C75AF79}.Release|x86.ActiveCfg = Release|Any CPU
		{404016BC-9376-451C-8DD5-33804C75AF79}.Release|x86.Build.0 = Release|Any CPU
		{16907CC8-F10D-4D1F-8DBE-49E84478A392}.Debug|Any CPU.ActiveCfg = Debug|Any CPU
		{16907CC8-F10D-4D1F-8DBE-49E84478A392}.Debug|Any CPU.Build.0 = Debug|Any CPU
		{16907CC8-F10D-4D1F-8DBE-49E84478A392}.Debug|ARM.ActiveCfg = Debug|Any CPU
		{16907CC8-F10D-4D1F-8DBE-49E84478A392}.Debug|ARM.Build.0 = Debug|Any CPU
		{16907CC8-F10D-4D1F-8DBE-49E84478A392}.Debug|ARM64.ActiveCfg = Debug|Any CPU
		{16907CC8-F10D-4D1F-8DBE-49E84478A392}.Debug|ARM64.Build.0 = Debug|Any CPU
		{16907CC8-F10D-4D1F-8DBE-49E84478A392}.Debug|x64.ActiveCfg = Debug|Any CPU
		{16907CC8-F10D-4D1F-8DBE-49E84478A392}.Debug|x64.Build.0 = Debug|Any CPU
		{16907CC8-F10D-4D1F-8DBE-49E84478A392}.Debug|x86.ActiveCfg = Debug|Any CPU
		{16907CC8-F10D-4D1F-8DBE-49E84478A392}.Debug|x86.Build.0 = Debug|Any CPU
		{16907CC8-F10D-4D1F-8DBE-49E84478A392}.Release|Any CPU.ActiveCfg = Release|Any CPU
		{16907CC8-F10D-4D1F-8DBE-49E84478A392}.Release|Any CPU.Build.0 = Release|Any CPU
		{16907CC8-F10D-4D1F-8DBE-49E84478A392}.Release|ARM.ActiveCfg = Release|Any CPU
		{16907CC8-F10D-4D1F-8DBE-49E84478A392}.Release|ARM.Build.0 = Release|Any CPU
		{16907CC8-F10D-4D1F-8DBE-49E84478A392}.Release|ARM64.ActiveCfg = Release|Any CPU
		{16907CC8-F10D-4D1F-8DBE-49E84478A392}.Release|ARM64.Build.0 = Release|Any CPU
		{16907CC8-F10D-4D1F-8DBE-49E84478A392}.Release|x64.ActiveCfg = Release|Any CPU
		{16907CC8-F10D-4D1F-8DBE-49E84478A392}.Release|x64.Build.0 = Release|Any CPU
		{16907CC8-F10D-4D1F-8DBE-49E84478A392}.Release|x86.ActiveCfg = Release|Any CPU
		{16907CC8-F10D-4D1F-8DBE-49E84478A392}.Release|x86.Build.0 = Release|Any CPU
		{EFAA2F83-5029-4A88-996B-402B55BFC994}.Debug|Any CPU.ActiveCfg = Debug|Any CPU
		{EFAA2F83-5029-4A88-996B-402B55BFC994}.Debug|Any CPU.Build.0 = Debug|Any CPU
		{EFAA2F83-5029-4A88-996B-402B55BFC994}.Debug|ARM.ActiveCfg = Debug|Any CPU
		{EFAA2F83-5029-4A88-996B-402B55BFC994}.Debug|ARM.Build.0 = Debug|Any CPU
		{EFAA2F83-5029-4A88-996B-402B55BFC994}.Debug|ARM64.ActiveCfg = Debug|Any CPU
		{EFAA2F83-5029-4A88-996B-402B55BFC994}.Debug|ARM64.Build.0 = Debug|Any CPU
		{EFAA2F83-5029-4A88-996B-402B55BFC994}.Debug|x64.ActiveCfg = Debug|Any CPU
		{EFAA2F83-5029-4A88-996B-402B55BFC994}.Debug|x64.Build.0 = Debug|Any CPU
		{EFAA2F83-5029-4A88-996B-402B55BFC994}.Debug|x86.ActiveCfg = Debug|Any CPU
		{EFAA2F83-5029-4A88-996B-402B55BFC994}.Debug|x86.Build.0 = Debug|Any CPU
		{EFAA2F83-5029-4A88-996B-402B55BFC994}.Release|Any CPU.ActiveCfg = Release|Any CPU
		{EFAA2F83-5029-4A88-996B-402B55BFC994}.Release|Any CPU.Build.0 = Release|Any CPU
		{EFAA2F83-5029-4A88-996B-402B55BFC994}.Release|ARM.ActiveCfg = Release|Any CPU
		{EFAA2F83-5029-4A88-996B-402B55BFC994}.Release|ARM.Build.0 = Release|Any CPU
		{EFAA2F83-5029-4A88-996B-402B55BFC994}.Release|ARM64.ActiveCfg = Release|Any CPU
		{EFAA2F83-5029-4A88-996B-402B55BFC994}.Release|ARM64.Build.0 = Release|Any CPU
		{EFAA2F83-5029-4A88-996B-402B55BFC994}.Release|x64.ActiveCfg = Release|Any CPU
		{EFAA2F83-5029-4A88-996B-402B55BFC994}.Release|x64.Build.0 = Release|Any CPU
		{EFAA2F83-5029-4A88-996B-402B55BFC994}.Release|x86.ActiveCfg = Release|Any CPU
		{EFAA2F83-5029-4A88-996B-402B55BFC994}.Release|x86.Build.0 = Release|Any CPU
		{ABEBCA2B-E414-48AC-BC0E-E1B5B5A6251D}.Debug|Any CPU.ActiveCfg = Debug|Any CPU
		{ABEBCA2B-E414-48AC-BC0E-E1B5B5A6251D}.Debug|Any CPU.Build.0 = Debug|Any CPU
		{ABEBCA2B-E414-48AC-BC0E-E1B5B5A6251D}.Debug|ARM.ActiveCfg = Debug|Any CPU
		{ABEBCA2B-E414-48AC-BC0E-E1B5B5A6251D}.Debug|ARM.Build.0 = Debug|Any CPU
		{ABEBCA2B-E414-48AC-BC0E-E1B5B5A6251D}.Debug|ARM64.ActiveCfg = Debug|Any CPU
		{ABEBCA2B-E414-48AC-BC0E-E1B5B5A6251D}.Debug|ARM64.Build.0 = Debug|Any CPU
		{ABEBCA2B-E414-48AC-BC0E-E1B5B5A6251D}.Debug|x64.ActiveCfg = Debug|Any CPU
		{ABEBCA2B-E414-48AC-BC0E-E1B5B5A6251D}.Debug|x64.Build.0 = Debug|Any CPU
		{ABEBCA2B-E414-48AC-BC0E-E1B5B5A6251D}.Debug|x86.ActiveCfg = Debug|Any CPU
		{ABEBCA2B-E414-48AC-BC0E-E1B5B5A6251D}.Debug|x86.Build.0 = Debug|Any CPU
		{ABEBCA2B-E414-48AC-BC0E-E1B5B5A6251D}.Release|Any CPU.ActiveCfg = Release|Any CPU
		{ABEBCA2B-E414-48AC-BC0E-E1B5B5A6251D}.Release|Any CPU.Build.0 = Release|Any CPU
		{ABEBCA2B-E414-48AC-BC0E-E1B5B5A6251D}.Release|ARM.ActiveCfg = Release|Any CPU
		{ABEBCA2B-E414-48AC-BC0E-E1B5B5A6251D}.Release|ARM.Build.0 = Release|Any CPU
		{ABEBCA2B-E414-48AC-BC0E-E1B5B5A6251D}.Release|ARM64.ActiveCfg = Release|Any CPU
		{ABEBCA2B-E414-48AC-BC0E-E1B5B5A6251D}.Release|ARM64.Build.0 = Release|Any CPU
		{ABEBCA2B-E414-48AC-BC0E-E1B5B5A6251D}.Release|x64.ActiveCfg = Release|Any CPU
		{ABEBCA2B-E414-48AC-BC0E-E1B5B5A6251D}.Release|x64.Build.0 = Release|Any CPU
		{ABEBCA2B-E414-48AC-BC0E-E1B5B5A6251D}.Release|x86.ActiveCfg = Release|Any CPU
		{ABEBCA2B-E414-48AC-BC0E-E1B5B5A6251D}.Release|x86.Build.0 = Release|Any CPU
		{546B7F5D-3F9A-4655-8CA9-4F2E0848F6EA}.Debug|Any CPU.ActiveCfg = Debug|Any CPU
		{546B7F5D-3F9A-4655-8CA9-4F2E0848F6EA}.Debug|Any CPU.Build.0 = Debug|Any CPU
		{546B7F5D-3F9A-4655-8CA9-4F2E0848F6EA}.Debug|ARM.ActiveCfg = Debug|Any CPU
		{546B7F5D-3F9A-4655-8CA9-4F2E0848F6EA}.Debug|ARM.Build.0 = Debug|Any CPU
		{546B7F5D-3F9A-4655-8CA9-4F2E0848F6EA}.Debug|ARM64.ActiveCfg = Debug|Any CPU
		{546B7F5D-3F9A-4655-8CA9-4F2E0848F6EA}.Debug|ARM64.Build.0 = Debug|Any CPU
		{546B7F5D-3F9A-4655-8CA9-4F2E0848F6EA}.Debug|x64.ActiveCfg = Debug|Any CPU
		{546B7F5D-3F9A-4655-8CA9-4F2E0848F6EA}.Debug|x64.Build.0 = Debug|Any CPU
		{546B7F5D-3F9A-4655-8CA9-4F2E0848F6EA}.Debug|x86.ActiveCfg = Debug|Any CPU
		{546B7F5D-3F9A-4655-8CA9-4F2E0848F6EA}.Debug|x86.Build.0 = Debug|Any CPU
		{546B7F5D-3F9A-4655-8CA9-4F2E0848F6EA}.Release|Any CPU.ActiveCfg = Release|Any CPU
		{546B7F5D-3F9A-4655-8CA9-4F2E0848F6EA}.Release|Any CPU.Build.0 = Release|Any CPU
		{546B7F5D-3F9A-4655-8CA9-4F2E0848F6EA}.Release|ARM.ActiveCfg = Release|Any CPU
		{546B7F5D-3F9A-4655-8CA9-4F2E0848F6EA}.Release|ARM.Build.0 = Release|Any CPU
		{546B7F5D-3F9A-4655-8CA9-4F2E0848F6EA}.Release|ARM64.ActiveCfg = Release|Any CPU
		{546B7F5D-3F9A-4655-8CA9-4F2E0848F6EA}.Release|ARM64.Build.0 = Release|Any CPU
		{546B7F5D-3F9A-4655-8CA9-4F2E0848F6EA}.Release|x64.ActiveCfg = Release|Any CPU
		{546B7F5D-3F9A-4655-8CA9-4F2E0848F6EA}.Release|x64.Build.0 = Release|Any CPU
		{546B7F5D-3F9A-4655-8CA9-4F2E0848F6EA}.Release|x86.ActiveCfg = Release|Any CPU
		{546B7F5D-3F9A-4655-8CA9-4F2E0848F6EA}.Release|x86.Build.0 = Release|Any CPU
		{16F9DC32-37E1-4944-8955-4607EE8A8FDD}.Debug|Any CPU.ActiveCfg = Debug|Any CPU
		{16F9DC32-37E1-4944-8955-4607EE8A8FDD}.Debug|Any CPU.Build.0 = Debug|Any CPU
		{16F9DC32-37E1-4944-8955-4607EE8A8FDD}.Debug|ARM.ActiveCfg = Debug|Any CPU
		{16F9DC32-37E1-4944-8955-4607EE8A8FDD}.Debug|ARM.Build.0 = Debug|Any CPU
		{16F9DC32-37E1-4944-8955-4607EE8A8FDD}.Debug|ARM64.ActiveCfg = Debug|Any CPU
		{16F9DC32-37E1-4944-8955-4607EE8A8FDD}.Debug|ARM64.Build.0 = Debug|Any CPU
		{16F9DC32-37E1-4944-8955-4607EE8A8FDD}.Debug|x64.ActiveCfg = Debug|Any CPU
		{16F9DC32-37E1-4944-8955-4607EE8A8FDD}.Debug|x64.Build.0 = Debug|Any CPU
		{16F9DC32-37E1-4944-8955-4607EE8A8FDD}.Debug|x86.ActiveCfg = Debug|Any CPU
		{16F9DC32-37E1-4944-8955-4607EE8A8FDD}.Debug|x86.Build.0 = Debug|Any CPU
		{16F9DC32-37E1-4944-8955-4607EE8A8FDD}.Release|Any CPU.ActiveCfg = Release|Any CPU
		{16F9DC32-37E1-4944-8955-4607EE8A8FDD}.Release|Any CPU.Build.0 = Release|Any CPU
		{16F9DC32-37E1-4944-8955-4607EE8A8FDD}.Release|ARM.ActiveCfg = Release|Any CPU
		{16F9DC32-37E1-4944-8955-4607EE8A8FDD}.Release|ARM.Build.0 = Release|Any CPU
		{16F9DC32-37E1-4944-8955-4607EE8A8FDD}.Release|ARM64.ActiveCfg = Release|Any CPU
		{16F9DC32-37E1-4944-8955-4607EE8A8FDD}.Release|ARM64.Build.0 = Release|Any CPU
		{16F9DC32-37E1-4944-8955-4607EE8A8FDD}.Release|x64.ActiveCfg = Release|Any CPU
		{16F9DC32-37E1-4944-8955-4607EE8A8FDD}.Release|x64.Build.0 = Release|Any CPU
		{16F9DC32-37E1-4944-8955-4607EE8A8FDD}.Release|x86.ActiveCfg = Release|Any CPU
		{16F9DC32-37E1-4944-8955-4607EE8A8FDD}.Release|x86.Build.0 = Release|Any CPU
	EndGlobalSection
	GlobalSection(SolutionProperties) = preSolution
		HideSolutionNode = FALSE
	EndGlobalSection
	GlobalSection(ExtensibilityGlobals) = postSolution
		SolutionGuid = {F6FC901E-37E2-4A07-8538-614316C64E36}
	EndGlobalSection
EndGlobal
